
Microsoft Visual Studio Solution File, Format Version 12.00
# Visual Studio Version 17
VisualStudioVersion = 17.5.33424.131
MinimumVisualStudioVersion = 10.0.40219.1
Project("{FAE04EC0-301F-11D3-BF4B-00C04F79EFBC}") = "cal_nota_32", "cal_nota_32\cal_nota_32.csproj", "{9DE00C0D-4DA0-4F5B-9A93-C49014854519}"
EndProject
Global
	GlobalSection(SolutionConfigurationPlatforms) = preSolution
		Debug|Any CPU = Debug|Any CPU
		Release|Any CPU = Release|Any CPU
	EndGlobalSection
	GlobalSection(ProjectConfigurationPlatforms) = postSolution
		{9DE00C0D-4DA0-4F5B-9A93-C49014854519}.Debug|Any CPU.ActiveCfg = Debug|Any CPU
		{9DE00C0D-4DA0-4F5B-9A93-C49014854519}.Debug|Any CPU.Build.0 = Debug|Any CPU
		{9DE00C0D-4DA0-4F5B-9A93-C49014854519}.Release|Any CPU.ActiveCfg = Release|Any CPU
		{9DE00C0D-4DA0-4F5B-9A93-C49014854519}.Release|Any CPU.Build.0 = Release|Any CPU
	EndGlobalSection
	GlobalSection(SolutionProperties) = preSolution
		HideSolutionNode = FALSE
	EndGlobalSection
	GlobalSection(ExtensibilityGlobals) = postSolution
		SolutionGuid = {BDB3AE77-1FF6-461E-836B-816DF5B0053B}
	EndGlobalSection
EndGlobal
